// !$*UTF8*$!
{
	archiveVersion = 1;
	classes = {
	};
	objectVersion = 56;
	objects = {

/* Begin PBXBuildFile section */
		493CDE402A2F88A3009235B3 /* AppDelegate.swift in Sources */ = {isa = PBXBuildFile; fileRef = 493CDE3F2A2F88A3009235B3 /* AppDelegate.swift */; };
		493CDE422A2F88A3009235B3 /* SceneDelegate.swift in Sources */ = {isa = PBXBuildFile; fileRef = 493CDE412A2F88A3009235B3 /* SceneDelegate.swift */; };
		493CDE442A2F88A3009235B3 /* ContactsListViewController.swift in Sources */ = {isa = PBXBuildFile; fileRef = 493CDE432A2F88A3009235B3 /* ContactsListViewController.swift */; };
		493CDE492A2F88A4009235B3 /* Assets.xcassets in Resources */ = {isa = PBXBuildFile; fileRef = 493CDE482A2F88A4009235B3 /* Assets.xcassets */; };
		493CDE562A2F8E5A009235B3 /* UIViewController+Ex.swift in Sources */ = {isa = PBXBuildFile; fileRef = 493CDE552A2F8E5A009235B3 /* UIViewController+Ex.swift */; };
		493CDE592A2FB398009235B3 /* ContactsListTableViewCell.swift in Sources */ = {isa = PBXBuildFile; fileRef = 493CDE582A2FB398009235B3 /* ContactsListTableViewCell.swift */; };
		493CDE5C2A2FF1DC009235B3 /* ContactDetailsUpdater.swift in Sources */ = {isa = PBXBuildFile; fileRef = 493CDE5B2A2FF1DB009235B3 /* ContactDetailsUpdater.swift */; };
		493CDE5F2A2FF7EA009235B3 /* ContactDetailsViewController.swift in Sources */ = {isa = PBXBuildFile; fileRef = 493CDE5E2A2FF7EA009235B3 /* ContactDetailsViewController.swift */; };
		493CDE622A320A20009235B3 /* ContactDetailsTableViewCell.swift in Sources */ = {isa = PBXBuildFile; fileRef = 493CDE612A320A20009235B3 /* ContactDetailsTableViewCell.swift */; };
		493CDE652A320D54009235B3 /* ContactEditingViewController.swift in Sources */ = {isa = PBXBuildFile; fileRef = 493CDE642A320D54009235B3 /* ContactEditingViewController.swift */; };
		68636DF9BE65AA9EF3BBB3BC /* Pods_ContactsList.framework in Frameworks */ = {isa = PBXBuildFile; fileRef = 2C0EFA6F73A3F579513CF409 /* Pods_ContactsList.framework */; };
/* End PBXBuildFile section */

/* Begin PBXFileReference section */
		2C0EFA6F73A3F579513CF409 /* Pods_ContactsList.framework */ = {isa = PBXFileReference; explicitFileType = wrapper.framework; includeInIndex = 0; path = Pods_ContactsList.framework; sourceTree = BUILT_PRODUCTS_DIR; };
		493CDE3C2A2F88A3009235B3 /* ContactsList.app */ = {isa = PBXFileReference; explicitFileType = wrapper.application; includeInIndex = 0; path = ContactsList.app; sourceTree = BUILT_PRODUCTS_DIR; };
		493CDE3F2A2F88A3009235B3 /* AppDelegate.swift */ = {isa = PBXFileReference; lastKnownFileType = sourcecode.swift; path = AppDelegate.swift; sourceTree = "<group>"; };
		493CDE412A2F88A3009235B3 /* SceneDelegate.swift */ = {isa = PBXFileReference; lastKnownFileType = sourcecode.swift; path = SceneDelegate.swift; sourceTree = "<group>"; };
		493CDE432A2F88A3009235B3 /* ContactsListViewController.swift */ = {isa = PBXFileReference; lastKnownFileType = sourcecode.swift; path = ContactsListViewController.swift; sourceTree = "<group>"; };
		493CDE482A2F88A4009235B3 /* Assets.xcassets */ = {isa = PBXFileReference; lastKnownFileType = folder.assetcatalog; path = Assets.xcassets; sourceTree = "<group>"; };
		493CDE4D2A2F88A4009235B3 /* Info.plist */ = {isa = PBXFileReference; lastKnownFileType = text.plist.xml; path = Info.plist; sourceTree = "<group>"; };
		493CDE552A2F8E5A009235B3 /* UIViewController+Ex.swift */ = {isa = PBXFileReference; lastKnownFileType = sourcecode.swift; path = "UIViewController+Ex.swift"; sourceTree = "<group>"; };
		493CDE582A2FB398009235B3 /* ContactsListTableViewCell.swift */ = {isa = PBXFileReference; lastKnownFileType = sourcecode.swift; path = ContactsListTableViewCell.swift; sourceTree = "<group>"; };
		493CDE5B2A2FF1DB009235B3 /* ContactDetailsUpdater.swift */ = {isa = PBXFileReference; lastKnownFileType = sourcecode.swift; path = ContactDetailsUpdater.swift; sourceTree = "<group>"; };
		493CDE5E2A2FF7EA009235B3 /* ContactDetailsViewController.swift */ = {isa = PBXFileReference; lastKnownFileType = sourcecode.swift; path = ContactDetailsViewController.swift; sourceTree = "<group>"; };
		493CDE612A320A20009235B3 /* ContactDetailsTableViewCell.swift */ = {isa = PBXFileReference; lastKnownFileType = sourcecode.swift; path = ContactDetailsTableViewCell.swift; sourceTree = "<group>"; };
		493CDE642A320D54009235B3 /* ContactEditingViewController.swift */ = {isa = PBXFileReference; lastKnownFileType = sourcecode.swift; path = ContactEditingViewController.swift; sourceTree = "<group>"; };
		B512E34080A71C8B19EA5E37 /* Pods-ContactsList.debug.xcconfig */ = {isa = PBXFileReference; includeInIndex = 1; lastKnownFileType = text.xcconfig; name = "Pods-ContactsList.debug.xcconfig"; path = "Target Support Files/Pods-ContactsList/Pods-ContactsList.debug.xcconfig"; sourceTree = "<group>"; };
		FBA7CCCF45E4963A555BC9CC /* Pods-ContactsList.release.xcconfig */ = {isa = PBXFileReference; includeInIndex = 1; lastKnownFileType = text.xcconfig; name = "Pods-ContactsList.release.xcconfig"; path = "Target Support Files/Pods-ContactsList/Pods-ContactsList.release.xcconfig"; sourceTree = "<group>"; };
/* End PBXFileReference section */

/* Begin PBXFrameworksBuildPhase section */
		493CDE392A2F88A3009235B3 /* Frameworks */ = {
			isa = PBXFrameworksBuildPhase;
			buildActionMask = 2147483647;
			files = (
				68636DF9BE65AA9EF3BBB3BC /* Pods_ContactsList.framework in Frameworks */,
			);
			runOnlyForDeploymentPostprocessing = 0;
		};
/* End PBXFrameworksBuildPhase section */

/* Begin PBXGroup section */
		26D6A66B0034410543E1B2B8 /* Pods */ = {
			isa = PBXGroup;
			children = (
				B512E34080A71C8B19EA5E37 /* Pods-ContactsList.debug.xcconfig */,
				FBA7CCCF45E4963A555BC9CC /* Pods-ContactsList.release.xcconfig */,
			);
			path = Pods;
			sourceTree = "<group>";
		};
		493CDE332A2F88A2009235B3 = {
			isa = PBXGroup;
			children = (
				493CDE3E2A2F88A3009235B3 /* ContactsList */,
				493CDE3D2A2F88A3009235B3 /* Products */,
				26D6A66B0034410543E1B2B8 /* Pods */,
				9C2E7CE8A4E6EA46F8AA49CA /* Frameworks */,
			);
			sourceTree = "<group>";
		};
		493CDE3D2A2F88A3009235B3 /* Products */ = {
			isa = PBXGroup;
			children = (
				493CDE3C2A2F88A3009235B3 /* ContactsList.app */,
			);
			name = Products;
			sourceTree = "<group>";
		};
		493CDE3E2A2F88A3009235B3 /* ContactsList */ = {
			isa = PBXGroup;
			children = (
				493CDE412A2F88A3009235B3 /* SceneDelegate.swift */,
				493CDE3F2A2F88A3009235B3 /* AppDelegate.swift */,
				493CDE5A2A2FF1B3009235B3 /* Services */,
				493CDE542A2F8E3D009235B3 /* Extensions */,
				493CDE532A2F8B16009235B3 /* ContactsList */,
				493CDE5D2A2FF7B1009235B3 /* ContactDetails */,
				493CDE632A320D2E009235B3 /* ContactEditing */,
				493CDE482A2F88A4009235B3 /* Assets.xcassets */,
				493CDE4D2A2F88A4009235B3 /* Info.plist */,
			);
			path = ContactsList;
			sourceTree = "<group>";
		};
		493CDE532A2F8B16009235B3 /* ContactsList */ = {
			isa = PBXGroup;
			children = (
				493CDE432A2F88A3009235B3 /* ContactsListViewController.swift */,
				493CDE572A2FB36B009235B3 /* View */,
			);
			path = ContactsList;
			sourceTree = "<group>";
		};
		493CDE542A2F8E3D009235B3 /* Extensions */ = {
			isa = PBXGroup;
			children = (
				493CDE552A2F8E5A009235B3 /* UIViewController+Ex.swift */,
			);
			path = Extensions;
			sourceTree = "<group>";
		};
		493CDE572A2FB36B009235B3 /* View */ = {
			isa = PBXGroup;
			children = (
				493CDE582A2FB398009235B3 /* ContactsListTableViewCell.swift */,
			);
			path = View;
			sourceTree = "<group>";
		};
		493CDE5A2A2FF1B3009235B3 /* Services */ = {
			isa = PBXGroup;
			children = (
				493CDE5B2A2FF1DB009235B3 /* ContactDetailsUpdater.swift */,
			);
			path = Services;
			sourceTree = "<group>";
		};
		493CDE5D2A2FF7B1009235B3 /* ContactDetails */ = {
			isa = PBXGroup;
			children = (
				493CDE5E2A2FF7EA009235B3 /* ContactDetailsViewController.swift */,
				493CDE602A320A01009235B3 /* View */,
			);
			path = ContactDetails;
			sourceTree = "<group>";
		};
		493CDE602A320A01009235B3 /* View */ = {
			isa = PBXGroup;
			children = (
				493CDE612A320A20009235B3 /* ContactDetailsTableViewCell.swift */,
			);
			path = View;
			sourceTree = "<group>";
		};
		493CDE632A320D2E009235B3 /* ContactEditing */ = {
			isa = PBXGroup;
			children = (
				493CDE642A320D54009235B3 /* ContactEditingViewController.swift */,
			);
			path = ContactEditing;
			sourceTree = "<group>";
		};
		9C2E7CE8A4E6EA46F8AA49CA /* Frameworks */ = {
			isa = PBXGroup;
			children = (
				2C0EFA6F73A3F579513CF409 /* Pods_ContactsList.framework */,
			);
			name = Frameworks;
			sourceTree = "<group>";
		};
/* End PBXGroup section */

/* Begin PBXNativeTarget section */
		493CDE3B2A2F88A3009235B3 /* ContactsList */ = {
			isa = PBXNativeTarget;
			buildConfigurationList = 493CDE502A2F88A4009235B3 /* Build configuration list for PBXNativeTarget "ContactsList" */;
			buildPhases = (
				A288BCA42F93BEDDC6A89F3C /* [CP] Check Pods Manifest.lock */,
				493CDE382A2F88A3009235B3 /* Sources */,
				493CDE392A2F88A3009235B3 /* Frameworks */,
				493CDE3A2A2F88A3009235B3 /* Resources */,
				D22A0F3C9965E2D78615C7C0 /* [CP] Embed Pods Frameworks */,
			);
			buildRules = (
			);
			dependencies = (
			);
			name = ContactsList;
			productName = ContactsList;
			productReference = 493CDE3C2A2F88A3009235B3 /* ContactsList.app */;
			productType = "com.apple.product-type.application";
		};
/* End PBXNativeTarget section */

/* Begin PBXProject section */
		493CDE342A2F88A2009235B3 /* Project object */ = {
			isa = PBXProject;
			attributes = {
				BuildIndependentTargetsInParallel = 1;
				LastSwiftUpdateCheck = 1430;
				LastUpgradeCheck = 1430;
				TargetAttributes = {
					493CDE3B2A2F88A3009235B3 = {
						CreatedOnToolsVersion = 14.3;
					};
				};
			};
			buildConfigurationList = 493CDE372A2F88A2009235B3 /* Build configuration list for PBXProject "ContactsList" */;
			compatibilityVersion = "Xcode 14.0";
			developmentRegion = en;
			hasScannedForEncodings = 0;
			knownRegions = (
				en,
				Base,
			);
			mainGroup = 493CDE332A2F88A2009235B3;
			productRefGroup = 493CDE3D2A2F88A3009235B3 /* Products */;
			projectDirPath = "";
			projectRoot = "";
			targets = (
				493CDE3B2A2F88A3009235B3 /* ContactsList */,
			);
		};
/* End PBXProject section */

/* Begin PBXResourcesBuildPhase section */
		493CDE3A2A2F88A3009235B3 /* Resources */ = {
			isa = PBXResourcesBuildPhase;
			buildActionMask = 2147483647;
			files = (
				493CDE492A2F88A4009235B3 /* Assets.xcassets in Resources */,
			);
			runOnlyForDeploymentPostprocessing = 0;
		};
/* End PBXResourcesBuildPhase section */

/* Begin PBXShellScriptBuildPhase section */
		A288BCA42F93BEDDC6A89F3C /* [CP] Check Pods Manifest.lock */ = {
			isa = PBXShellScriptBuildPhase;
			buildActionMask = 2147483647;
			files = (
			);
			inputFileListPaths = (
			);
			inputPaths = (
				"${PODS_PODFILE_DIR_PATH}/Podfile.lock",
				"${PODS_ROOT}/Manifest.lock",
			);
			name = "[CP] Check Pods Manifest.lock";
			outputFileListPaths = (
			);
			outputPaths = (
				"$(DERIVED_FILE_DIR)/Pods-ContactsList-checkManifestLockResult.txt",
			);
			runOnlyForDeploymentPostprocessing = 0;
			shellPath = /bin/sh;
			shellScript = "diff \"${PODS_PODFILE_DIR_PATH}/Podfile.lock\" \"${PODS_ROOT}/Manifest.lock\" > /dev/null\nif [ $? != 0 ] ; then\n    # print error to STDERR\n    echo \"error: The sandbox is not in sync with the Podfile.lock. Run 'pod install' or update your CocoaPods installation.\" >&2\n    exit 1\nfi\n# This output is used by Xcode 'outputs' to avoid re-running this script phase.\necho \"SUCCESS\" > \"${SCRIPT_OUTPUT_FILE_0}\"\n";
			showEnvVarsInLog = 0;
		};
		D22A0F3C9965E2D78615C7C0 /* [CP] Embed Pods Frameworks */ = {
			isa = PBXShellScriptBuildPhase;
			buildActionMask = 2147483647;
			files = (
			);
			inputFileListPaths = (
				"${PODS_ROOT}/Target Support Files/Pods-ContactsList/Pods-ContactsList-frameworks-${CONFIGURATION}-input-files.xcfilelist",
			);
			name = "[CP] Embed Pods Frameworks";
			outputFileListPaths = (
				"${PODS_ROOT}/Target Support Files/Pods-ContactsList/Pods-ContactsList-frameworks-${CONFIGURATION}-output-files.xcfilelist",
			);
			runOnlyForDeploymentPostprocessing = 0;
			shellPath = /bin/sh;
			shellScript = "\"${PODS_ROOT}/Target Support Files/Pods-ContactsList/Pods-ContactsList-frameworks.sh\"\n";
			showEnvVarsInLog = 0;
		};
/* End PBXShellScriptBuildPhase section */

/* Begin PBXSourcesBuildPhase section */
		493CDE382A2F88A3009235B3 /* Sources */ = {
			isa = PBXSourcesBuildPhase;
			buildActionMask = 2147483647;
			files = (
				493CDE442A2F88A3009235B3 /* ContactsListViewController.swift in Sources */,
				493CDE5F2A2FF7EA009235B3 /* ContactDetailsViewController.swift in Sources */,
				493CDE562A2F8E5A009235B3 /* UIViewController+Ex.swift in Sources */,
				493CDE622A320A20009235B3 /* ContactDetailsTableViewCell.swift in Sources */,
				493CDE402A2F88A3009235B3 /* AppDelegate.swift in Sources */,
				493CDE422A2F88A3009235B3 /* SceneDelegate.swift in Sources */,
				493CDE592A2FB398009235B3 /* ContactsListTableViewCell.swift in Sources */,
				493CDE5C2A2FF1DC009235B3 /* ContactDetailsUpdater.swift in Sources */,
				493CDE652A320D54009235B3 /* ContactEditingViewController.swift in Sources */,
			);
			runOnlyForDeploymentPostprocessing = 0;
		};
/* End PBXSourcesBuildPhase section */

/* Begin XCBuildConfiguration section */
		493CDE4E2A2F88A4009235B3 /* Debug */ = {
			isa = XCBuildConfiguration;
			buildSettings = {
				ALWAYS_SEARCH_USER_PATHS = NO;
				CLANG_ANALYZER_NONNULL = YES;
				CLANG_ANALYZER_NUMBER_OBJECT_CONVERSION = YES_AGGRESSIVE;
				CLANG_CXX_LANGUAGE_STANDARD = "gnu++20";
				CLANG_ENABLE_MODULES = YES;
				CLANG_ENABLE_OBJC_ARC = YES;
				CLANG_ENABLE_OBJC_WEAK = YES;
				CLANG_WARN_BLOCK_CAPTURE_AUTORELEASING = YES;
				CLANG_WARN_BOOL_CONVERSION = YES;
				CLANG_WARN_COMMA = YES;
				CLANG_WARN_CONSTANT_CONVERSION = YES;
				CLANG_WARN_DEPRECATED_OBJC_IMPLEMENTATIONS = YES;
				CLANG_WARN_DIRECT_OBJC_ISA_USAGE = YES_ERROR;
				CLANG_WARN_DOCUMENTATION_COMMENTS = YES;
				CLANG_WARN_EMPTY_BODY = YES;
				CLANG_WARN_ENUM_CONVERSION = YES;
				CLANG_WARN_INFINITE_RECURSION = YES;
				CLANG_WARN_INT_CONVERSION = YES;
				CLANG_WARN_NON_LITERAL_NULL_CONVERSION = YES;
				CLANG_WARN_OBJC_IMPLICIT_RETAIN_SELF = YES;
				CLANG_WARN_OBJC_LITERAL_CONVERSION = YES;
				CLANG_WARN_OBJC_ROOT_CLASS = YES_ERROR;
				CLANG_WARN_QUOTED_INCLUDE_IN_FRAMEWORK_HEADER = YES;
				CLANG_WARN_RANGE_LOOP_ANALYSIS = YES;
				CLANG_WARN_STRICT_PROTOTYPES = YES;
				CLANG_WARN_SUSPICIOUS_MOVE = YES;
				CLANG_WARN_UNGUARDED_AVAILABILITY = YES_AGGRESSIVE;
				CLANG_WARN_UNREACHABLE_CODE = YES;
				CLANG_WARN__DUPLICATE_METHOD_MATCH = YES;
				COPY_PHASE_STRIP = NO;
				DEBUG_INFORMATION_FORMAT = dwarf;
				ENABLE_STRICT_OBJC_MSGSEND = YES;
				ENABLE_TESTABILITY = YES;
				GCC_C_LANGUAGE_STANDARD = gnu11;
				GCC_DYNAMIC_NO_PIC = NO;
				GCC_NO_COMMON_BLOCKS = YES;
				GCC_OPTIMIZATION_LEVEL = 0;
				GCC_PREPROCESSOR_DEFINITIONS = (
					"DEBUG=1",
					"$(inherited)",
				);
				GCC_WARN_64_TO_32_BIT_CONVERSION = YES;
				GCC_WARN_ABOUT_RETURN_TYPE = YES_ERROR;
				GCC_WARN_UNDECLARED_SELECTOR = YES;
				GCC_WARN_UNINITIALIZED_AUTOS = YES_AGGRESSIVE;
				GCC_WARN_UNUSED_FUNCTION = YES;
				GCC_WARN_UNUSED_VARIABLE = YES;
				IPHONEOS_DEPLOYMENT_TARGET = 16.4;
				MTL_ENABLE_DEBUG_INFO = INCLUDE_SOURCE;
				MTL_FAST_MATH = YES;
				ONLY_ACTIVE_ARCH = YES;
				SDKROOT = iphoneos;
				SWIFT_ACTIVE_COMPILATION_CONDITIONS = DEBUG;
				SWIFT_OPTIMIZATION_LEVEL = "-Onone";
			};
			name = Debug;
		};
		493CDE4F2A2F88A4009235B3 /* Release */ = {
			isa = XCBuildConfiguration;
			buildSettings = {
				ALWAYS_SEARCH_USER_PATHS = NO;
				CLANG_ANALYZER_NONNULL = YES;
				CLANG_ANALYZER_NUMBER_OBJECT_CONVERSION = YES_AGGRESSIVE;
				CLANG_CXX_LANGUAGE_STANDARD = "gnu++20";
				CLANG_ENABLE_MODULES = YES;
				CLANG_ENABLE_OBJC_ARC = YES;
				CLANG_ENABLE_OBJC_WEAK = YES;
				CLANG_WARN_BLOCK_CAPTURE_AUTORELEASING = YES;
				CLANG_WARN_BOOL_CONVERSION = YES;
				CLANG_WARN_COMMA = YES;
				CLANG_WARN_CONSTANT_CONVERSION = YES;
				CLANG_WARN_DEPRECATED_OBJC_IMPLEMENTATIONS = YES;
				CLANG_WARN_DIRECT_OBJC_ISA_USAGE = YES_ERROR;
				CLANG_WARN_DOCUMENTATION_COMMENTS = YES;
				CLANG_WARN_EMPTY_BODY = YES;
				CLANG_WARN_ENUM_CONVERSION = YES;
				CLANG_WARN_INFINITE_RECURSION = YES;
				CLANG_WARN_INT_CONVERSION = YES;
				CLANG_WARN_NON_LITERAL_NULL_CONVERSION = YES;
				CLANG_WARN_OBJC_IMPLICIT_RETAIN_SELF = YES;
				CLANG_WARN_OBJC_LITERAL_CONVERSION = YES;
				CLANG_WARN_OBJC_ROOT_CLASS = YES_ERROR;
				CLANG_WARN_QUOTED_INCLUDE_IN_FRAMEWORK_HEADER = YES;
				CLANG_WARN_RANGE_LOOP_ANALYSIS = YES;
				CLANG_WARN_STRICT_PROTOTYPES = YES;
				CLANG_WARN_SUSPICIOUS_MOVE = YES;
				CLANG_WARN_UNGUARDED_AVAILABILITY = YES_AGGRESSIVE;
				CLANG_WARN_UNREACHABLE_CODE = YES;
				CLANG_WARN__DUPLICATE_METHOD_MATCH = YES;
				COPY_PHASE_STRIP = NO;
				DEBUG_INFORMATION_FORMAT = "dwarf-with-dsym";
				ENABLE_NS_ASSERTIONS = NO;
				ENABLE_STRICT_OBJC_MSGSEND = YES;
				GCC_C_LANGUAGE_STANDARD = gnu11;
				GCC_NO_COMMON_BLOCKS = YES;
				GCC_WARN_64_TO_32_BIT_CONVERSION = YES;
				GCC_WARN_ABOUT_RETURN_TYPE = YES_ERROR;
				GCC_WARN_UNDECLARED_SELECTOR = YES;
				GCC_WARN_UNINITIALIZED_AUTOS = YES_AGGRESSIVE;
				GCC_WARN_UNUSED_FUNCTION = YES;
				GCC_WARN_UNUSED_VARIABLE = YES;
				IPHONEOS_DEPLOYMENT_TARGET = 16.4;
				MTL_ENABLE_DEBUG_INFO = NO;
				MTL_FAST_MATH = YES;
				SDKROOT = iphoneos;
				SWIFT_COMPILATION_MODE = wholemodule;
				SWIFT_OPTIMIZATION_LEVEL = "-O";
				VALIDATE_PRODUCT = YES;
			};
			name = Release;
		};
		493CDE512A2F88A4009235B3 /* Debug */ = {
			isa = XCBuildConfiguration;
			baseConfigurationReference = B512E34080A71C8B19EA5E37 /* Pods-ContactsList.debug.xcconfig */;
			buildSettings = {
				ASSETCATALOG_COMPILER_APPICON_NAME = AppIcon;
				ASSETCATALOG_COMPILER_GLOBAL_ACCENT_COLOR_NAME = AccentColor;
				CODE_SIGN_STYLE = Automatic;
				CURRENT_PROJECT_VERSION = 1;
				DEVELOPMENT_TEAM = KWG6Z2ZCR9;
				GENERATE_INFOPLIST_FILE = YES;
				INFOPLIST_FILE = ContactsList/Info.plist;
				INFOPLIST_KEY_NSContactsUsageDescription = "Приложение $(PRODUCT_NAME) запрашивает доступ к вашему списку контактов";
				INFOPLIST_KEY_UIApplicationSupportsIndirectInputEvents = YES;
				INFOPLIST_KEY_UILaunchStoryboardName = LaunchScreen;
				INFOPLIST_KEY_UISupportedInterfaceOrientations_iPad = "UIInterfaceOrientationPortrait UIInterfaceOrientationPortraitUpsideDown UIInterfaceOrientationLandscapeLeft UIInterfaceOrientationLandscapeRight";
				INFOPLIST_KEY_UISupportedInterfaceOrientations_iPhone = "UIInterfaceOrientationPortrait UIInterfaceOrientationLandscapeLeft UIInterfaceOrientationLandscapeRight";
				LD_RUNPATH_SEARCH_PATHS = (
					"$(inherited)",
					"@executable_path/Frameworks",
				);
				MARKETING_VERSION = 1.0;
				PRODUCT_BUNDLE_IDENTIFIER = SmartStart.ContactsList;
				PRODUCT_NAME = "$(TARGET_NAME)";
				SWIFT_EMIT_LOC_STRINGS = YES;
				SWIFT_VERSION = 5.0;
				TARGETED_DEVICE_FAMILY = "1,2";
			};
			name = Debug;
		};
		493CDE522A2F88A4009235B3 /* Release */ = {
			isa = XCBuildConfiguration;
			baseConfigurationReference = FBA7CCCF45E4963A555BC9CC /* Pods-ContactsList.release.xcconfig */;
			buildSettings = {
				ASSETCATALOG_COMPILER_APPICON_NAME = AppIcon;
				ASSETCATALOG_COMPILER_GLOBAL_ACCENT_COLOR_NAME = AccentColor;
				CODE_SIGN_STYLE = Automatic;
				CURRENT_PROJECT_VERSION = 1;
				DEVELOPMENT_TEAM = KWG6Z2ZCR9;
				GENERATE_INFOPLIST_FILE = YES;
				INFOPLIST_FILE = ContactsList/Info.plist;
				INFOPLIST_KEY_NSContactsUsageDescription = "Приложение $(PRODUCT_NAME) запрашивает доступ к вашему списку контактов";
				INFOPLIST_KEY_UIApplicationSupportsIndirectInputEvents = YES;
				INFOPLIST_KEY_UILaunchStoryboardName = LaunchScreen;
				INFOPLIST_KEY_UISupportedInterfaceOrientations_iPad = "UIInterfaceOrientationPortrait UIInterfaceOrientationPortraitUpsideDown UIInterfaceOrientationLandscapeLeft UIInterfaceOrientationLandscapeRight";
				INFOPLIST_KEY_UISupportedInterfaceOrientations_iPhone = "UIInterfaceOrientationPortrait UIInterfaceOrientationLandscapeLeft UIInterfaceOrientationLandscapeRight";
				LD_RUNPATH_SEARCH_PATHS = (
					"$(inherited)",
					"@executable_path/Frameworks",
				);
				MARKETING_VERSION = 1.0;
				PRODUCT_BUNDLE_IDENTIFIER = SmartStart.ContactsList;
				PRODUCT_NAME = "$(TARGET_NAME)";
				SWIFT_EMIT_LOC_STRINGS = YES;
				SWIFT_VERSION = 5.0;
				TARGETED_DEVICE_FAMILY = "1,2";
			};
			name = Release;
		};
/* End XCBuildConfiguration section */

/* Begin XCConfigurationList section */
		493CDE372A2F88A2009235B3 /* Build configuration list for PBXProject "ContactsList" */ = {
			isa = XCConfigurationList;
			buildConfigurations = (
				493CDE4E2A2F88A4009235B3 /* Debug */,
				493CDE4F2A2F88A4009235B3 /* Release */,
			);
			defaultConfigurationIsVisible = 0;
			defaultConfigurationName = Release;
		};
		493CDE502A2F88A4009235B3 /* Build configuration list for PBXNativeTarget "ContactsList" */ = {
			isa = XCConfigurationList;
			buildConfigurations = (
				493CDE512A2F88A4009235B3 /* Debug */,
				493CDE522A2F88A4009235B3 /* Release */,
			);
			defaultConfigurationIsVisible = 0;
			defaultConfigurationName = Release;
		};
/* End XCConfigurationList section */
	};
	rootObject = 493CDE342A2F88A2009235B3 /* Project object */;
}
